
Microsoft Visual Studio Solution File, Format Version 12.00
# Visual Studio Version 17
VisualStudioVersion = 17.12.35527.113 d17.12
MinimumVisualStudioVersion = 10.0.40219.1
Project("{FAE04EC0-301F-11D3-BF4B-00C04F79EFBC}") = "CitiesManager", "CitiesManager\CitiesManager.csproj", "{629BB9E4-9CCA-4C66-8F18-F6F3CD5F4EFA}"
EndProject
Global
	GlobalSection(SolutionConfigurationPlatforms) = preSolution
		Debug|Any CPU = Debug|Any CPU
		Release|Any CPU = Release|Any CPU
	EndGlobalSection
	GlobalSection(ProjectConfigurationPlatforms) = postSolution
		{629BB9E4-9CCA-4C66-8F18-F6F3CD5F4EFA}.Debug|Any CPU.ActiveCfg = Debug|Any CPU
		{629BB9E4-9CCA-4C66-8F18-F6F3CD5F4EFA}.Debug|Any CPU.Build.0 = Debug|Any CPU
		{629BB9E4-9CCA-4C66-8F18-F6F3CD5F4EFA}.Release|Any CPU.ActiveCfg = Release|Any CPU
		{629BB9E4-9CCA-4C66-8F18-F6F3CD5F4EFA}.Release|Any CPU.Build.0 = Release|Any CPU
	EndGlobalSection
	GlobalSection(SolutionProperties) = preSolution
		HideSolutionNode = FALSE
	EndGlobalSection
EndGlobal
